
Microsoft Visual Studio Solution File, Format Version 12.00
# Visual Studio Version 17
VisualStudioVersion = 17.2.32519.379
MinimumVisualStudioVersion = 10.0.40219.1
Project("{9A19103F-16F7-4668-BE54-9A1E7A4F7556}") = "SpiixBot", "SpiixBot\SpiixBot\SpiixBot.csproj", "{F1F18729-7FBE-47D5-AFBE-6595B78E6065}"
EndProject
Project("{9A19103F-16F7-4668-BE54-9A1E7A4F7556}") = "SpiixBot.Youtube", "SpiixBot\SpiixBot.Youtube\SpiixBot.Youtube.csproj", "{15F96E81-6C33-4F92-995F-E53FAE99631A}"
EndProject
Project("{9A19103F-16F7-4668-BE54-9A1E7A4F7556}") = "SpiixBot.Spotify", "SpiixBot\SpiixBot.Spotify\SpiixBot.Spotify.csproj", "{1A53F073-8A18-4F43-B4A4-08B85C7E5906}"
EndProject
Global
	GlobalSection(SolutionConfigurationPlatforms) = preSolution
		Debug|Any CPU = Debug|Any CPU
		Release|Any CPU = Release|Any CPU
	EndGlobalSection
	GlobalSection(ProjectConfigurationPlatforms) = postSolution
		{F1F18729-7FBE-47D5-AFBE-6595B78E6065}.Debug|Any CPU.ActiveCfg = Debug|Any CPU
		{F1F18729-7FBE-47D5-AFBE-6595B78E6065}.Debug|Any CPU.Build.0 = Debug|Any CPU
		{F1F18729-7FBE-47D5-AFBE-6595B78E6065}.Release|Any CPU.ActiveCfg = Release|Any CPU
		{F1F18729-7FBE-47D5-AFBE-6595B78E6065}.Release|Any CPU.Build.0 = Release|Any CPU
		{15F96E81-6C33-4F92-995F-E53FAE99631A}.Debug|Any CPU.ActiveCfg = Debug|Any CPU
		{15F96E81-6C33-4F92-995F-E53FAE99631A}.Debug|Any CPU.Build.0 = Debug|Any CPU
		{15F96E81-6C33-4F92-995F-E53FAE99631A}.Release|Any CPU.ActiveCfg = Release|Any CPU
		{15F96E81-6C33-4F92-995F-E53FAE99631A}.Release|Any CPU.Build.0 = Release|Any CPU
		{1A53F073-8A18-4F43-B4A4-08B85C7E5906}.Debug|Any CPU.ActiveCfg = Debug|Any CPU
		{1A53F073-8A18-4F43-B4A4-08B85C7E5906}.Debug|Any CPU.Build.0 = Debug|Any CPU
		{1A53F073-8A18-4F43-B4A4-08B85C7E5906}.Release|Any CPU.ActiveCfg = Release|Any CPU
		{1A53F073-8A18-4F43-B4A4-08B85C7E5906}.Release|Any CPU.Build.0 = Release|Any CPU
	EndGlobalSection
	GlobalSection(SolutionProperties) = preSolution
		HideSolutionNode = FALSE
	EndGlobalSection
	GlobalSection(ExtensibilityGlobals) = postSolution
		SolutionGuid = {A4674424-6569-415F-878D-4118C2B1D12C}
	EndGlobalSection
EndGlobal
